{
  "name": "uni-app",
  "version": "1.0.0",
  "lockfileVersion": 1,
  "requires": true,
  "dependencies": {
    "vue-i18n": {
      "version": "8.11.2",
      "resolved": "https://registry.npmjs.org/vue-i18n/-/vue-i18n-8.11.2.tgz",
      "integrity": "sha512-STcpmxqBrG77SyWi7e0Yn/B3DjKR6mSDwYS4F/V7zoi+e/+CPbVb2TaBqFwnrkoDcPmRfjM7nTwsiRQQOGdifw=="
    }
  }
}
